
Microsoft Visual Studio Solution File, Format Version 12.00
# Visual Studio 15
VisualStudioVersion = 15.0.28307.572
MinimumVisualStudioVersion = 10.0.40219.1
Project("{FAE04EC0-301F-11D3-BF4B-00C04F79EFBC}") = "7DRL20", "7DRL20\7DRL20.csproj", "{EFD4CFDE-3804-4F27-9748-11F45C888BC4}"
EndProject
Global
	GlobalSection(SolutionConfigurationPlatforms) = preSolution
		Debug|x86 = Debug|x86
		Release|x86 = Release|x86
	EndGlobalSection
	GlobalSection(ProjectConfigurationPlatforms) = postSolution
		{EFD4CFDE-3804-4F27-9748-11F45C888BC4}.Debug|x86.ActiveCfg = Debug|x86
		{EFD4CFDE-3804-4F27-9748-11F45C888BC4}.Debug|x86.Build.0 = Debug|x86
		{EFD4CFDE-3804-4F27-9748-11F45C888BC4}.Release|x86.ActiveCfg = Release|x86
		{EFD4CFDE-3804-4F27-9748-11F45C888BC4}.Release|x86.Build.0 = Release|x86
	EndGlobalSection
	GlobalSection(SolutionProperties) = preSolution
		HideSolutionNode = FALSE
	EndGlobalSection
	GlobalSection(ExtensibilityGlobals) = postSolution
		SolutionGuid = {4BCD0396-E5AD-4509-9790-9BFA8CEA784C}
	EndGlobalSection
EndGlobal
